
Microsoft Visual Studio Solution File, Format Version 12.00
# Visual Studio Version 16
VisualStudioVersion = 16.0.29609.76
MinimumVisualStudioVersion = 10.0.40219.1
Project("{FAE04EC0-301F-11D3-BF4B-00C04F79EFBC}") = "Crispy", "Crispy\Crispy.csproj", "{ACFC0008-52DF-4F56-AC3D-DB030F85480D}"
EndProject
Global
	GlobalSection(SolutionConfigurationPlatforms) = preSolution
		Debug|Any CPU = Debug|Any CPU
		Release|Any CPU = Release|Any CPU
	EndGlobalSection
	GlobalSection(ProjectConfigurationPlatforms) = postSolution
		{ACFC0008-52DF-4F56-AC3D-DB030F85480D}.Debug|Any CPU.ActiveCfg = Debug|Any CPU
		{ACFC0008-52DF-4F56-AC3D-DB030F85480D}.Debug|Any CPU.Build.0 = Debug|Any CPU
		{ACFC0008-52DF-4F56-AC3D-DB030F85480D}.Release|Any CPU.ActiveCfg = Release|Any CPU
		{ACFC0008-52DF-4F56-AC3D-DB030F85480D}.Release|Any CPU.Build.0 = Release|Any CPU
	EndGlobalSection
	GlobalSection(SolutionProperties) = preSolution
		HideSolutionNode = FALSE
	EndGlobalSection
	GlobalSection(ExtensibilityGlobals) = postSolution
		SolutionGuid = {52CE55B2-B62D-496E-8FD5-286EF88148ED}
	EndGlobalSection
EndGlobal
